
Microsoft Visual Studio Solution File, Format Version 12.00
# Visual Studio 15
VisualStudioVersion = 15.0.28307.168
MinimumVisualStudioVersion = 10.0.40219.1
Project("{FAE04EC0-301F-11D3-BF4B-00C04F79EFBC}") = "PDD_Resample", "PDD_Resample\PDD_Resample.csproj", "{A2DB7BE1-D577-43B3-9BBD-039E2CEBCA5F}"
EndProject
Global
	GlobalSection(SolutionConfigurationPlatforms) = preSolution
		Debug|Any CPU = Debug|Any CPU
		Release|Any CPU = Release|Any CPU
	EndGlobalSection
	GlobalSection(ProjectConfigurationPlatforms) = postSolution
		{A2DB7BE1-D577-43B3-9BBD-039E2CEBCA5F}.Debug|Any CPU.ActiveCfg = Debug|Any CPU
		{A2DB7BE1-D577-43B3-9BBD-039E2CEBCA5F}.Debug|Any CPU.Build.0 = Debug|Any CPU
		{A2DB7BE1-D577-43B3-9BBD-039E2CEBCA5F}.Release|Any CPU.ActiveCfg = Release|Any CPU
		{A2DB7BE1-D577-43B3-9BBD-039E2CEBCA5F}.Release|Any CPU.Build.0 = Release|Any CPU
	EndGlobalSection
	GlobalSection(SolutionProperties) = preSolution
		HideSolutionNode = FALSE
	EndGlobalSection
	GlobalSection(ExtensibilityGlobals) = postSolution
		SolutionGuid = {B0C18C88-FDB3-4D85-970E-3F716F6E7D45}
	EndGlobalSection
EndGlobal
